memo = "71fcc02f22aed98db1b0e05fc457d4261aff6319565bf0e434cb82cec80ccf62"

[[projects]]
  name = "github.com/Sirupsen/logrus"
  packages = ["."]
  revision = "ba1b36c82c5e05c4f912a88eab0dcd91a171688f"
  version = "v0.11.5"

[[projects]]
  name = "github.com/go-sql-driver/mysql"
  packages = ["."]
  revision = "c775fbc0c7ce5256db87cc1645d60147dbb7ca1c"

[[projects]]
  name = "github.com/namsral/flag"
  packages = ["."]
  revision = "7fa59bdb55485001d702d9b6e15367cdf26bfde8"
  version = "v1.7.4-alpha"

[[projects]]
  branch = "master"
  name = "github.com/soniah/gosnmp"
  packages = ["."]
  revision = "cfe685e0bca91d7bc4a95eab3d1faddf66b32e02"

[[projects]]
  branch = "master"
  name = "golang.org/x/sys"
  packages = ["unix"]
  revision = "9f30dcbe5be197894515a338a9bda9253567ea8f"
