memo = "74419c48e775a2106dc673a1bd028bc4347f8f017a85aea48652c9692584a4d8"

[[projects]]
  name = "github.com/Sirupsen/logrus"
  packages = ["."]
  revision = "ba1b36c82c5e05c4f912a88eab0dcd91a171688f"
  version = "v0.11.5"

[[projects]]
  branch = "master"
  name = "github.com/go-sql-driver/mysql"
  packages = ["."]
  revision = "ae5a66df4d33ba404d639bd0fc9189cd5ee79bcf"

[[projects]]
  name = "github.com/namsral/flag"
  packages = ["."]
  revision = "7fa59bdb55485001d702d9b6e15367cdf26bfde8"
  version = "v1.7.4-alpha"

[[projects]]
  branch = "master"
  name = "github.com/soniah/gosnmp"
  packages = ["."]
  revision = "60bf4ae2e262f0e17c004a31712f63913559d4ec"

[[projects]]
  branch = "master"
  name = "golang.org/x/sys"
  packages = ["unix"]
  revision = "9ccfe848b9db8435a24c424abbc07a921adf1df5"
