memo = "ebfc3aee4c2d63ed08f82825e39cc0380487fbcc2a18ab8b1497b5f68d91bdc1"

[[projects]]
  name = "github.com/Sirupsen/logrus"
  packages = ["."]
  revision = "ba1b36c82c5e05c4f912a88eab0dcd91a171688f"
  version = "v0.11.5"

[[projects]]
  name = "github.com/mattn/go-sqlite3"
  packages = ["."]
  revision = "ca5e3819723d8eeaf170ad510e7da1d6d2e94a08"
  version = "v1.2.0"

[[projects]]
  branch = "master"
  name = "github.com/soniah/gosnmp"
  packages = ["."]
  revision = "cfe685e0bca91d7bc4a95eab3d1faddf66b32e02"

[[projects]]
  branch = "master"
  name = "golang.org/x/net"
  packages = ["context"]
  revision = "d212a1ef2de2f5d441c327b8f26cf3ea3ea9f265"

[[projects]]
  branch = "master"
  name = "golang.org/x/sys"
  packages = ["unix"]
  revision = "ea9bcade75cb975a0b9738936568ab388b845617"
